
Microsoft Visual Studio Solution File, Format Version 12.00
# Visual Studio Version 17
VisualStudioVersion = 17.1.32414.318
MinimumVisualStudioVersion = 10.0.40219.1
Project("{FAE04EC0-301F-11D3-BF4B-00C04F79EFBC}") = "UserService", "UserService\UserService.csproj", "{C2D5AC29-669D-4F2E-B612-9087F2D5033C}"
EndProject
Project("{FAE04EC0-301F-11D3-BF4B-00C04F79EFBC}") = "MerchantService", "MerchantService\MerchantService.csproj", "{96460E91-FE13-4C90-82B9-2DD8A615760F}"
EndProject
Project("{FAE04EC0-301F-11D3-BF4B-00C04F79EFBC}") = "TransactionService", "TransactionService\TransactionService.csproj", "{ADF8BDC9-DD38-4184-A8F6-CC8D8892B9B9}"
EndProject
Project("{FAE04EC0-301F-11D3-BF4B-00C04F79EFBC}") = "Model", "Models\Model.csproj", "{438E31AF-7B79-4A94-8508-74E92945109D}"
EndProject
Global
	GlobalSection(SolutionConfigurationPlatforms) = preSolution
		Debug|Any CPU = Debug|Any CPU
		Release|Any CPU = Release|Any CPU
	EndGlobalSection
	GlobalSection(ProjectConfigurationPlatforms) = postSolution
		{C2D5AC29-669D-4F2E-B612-9087F2D5033C}.Debug|Any CPU.ActiveCfg = Debug|Any CPU
		{C2D5AC29-669D-4F2E-B612-9087F2D5033C}.Debug|Any CPU.Build.0 = Debug|Any CPU
		{C2D5AC29-669D-4F2E-B612-9087F2D5033C}.Release|Any CPU.ActiveCfg = Release|Any CPU
		{C2D5AC29-669D-4F2E-B612-9087F2D5033C}.Release|Any CPU.Build.0 = Release|Any CPU
		{96460E91-FE13-4C90-82B9-2DD8A615760F}.Debug|Any CPU.ActiveCfg = Debug|Any CPU
		{96460E91-FE13-4C90-82B9-2DD8A615760F}.Debug|Any CPU.Build.0 = Debug|Any CPU
		{96460E91-FE13-4C90-82B9-2DD8A615760F}.Release|Any CPU.ActiveCfg = Release|Any CPU
		{96460E91-FE13-4C90-82B9-2DD8A615760F}.Release|Any CPU.Build.0 = Release|Any CPU
		{ADF8BDC9-DD38-4184-A8F6-CC8D8892B9B9}.Debug|Any CPU.ActiveCfg = Debug|Any CPU
		{ADF8BDC9-DD38-4184-A8F6-CC8D8892B9B9}.Debug|Any CPU.Build.0 = Debug|Any CPU
		{ADF8BDC9-DD38-4184-A8F6-CC8D8892B9B9}.Release|Any CPU.ActiveCfg = Release|Any CPU
		{ADF8BDC9-DD38-4184-A8F6-CC8D8892B9B9}.Release|Any CPU.Build.0 = Release|Any CPU
		{438E31AF-7B79-4A94-8508-74E92945109D}.Debug|Any CPU.ActiveCfg = Debug|Any CPU
		{438E31AF-7B79-4A94-8508-74E92945109D}.Debug|Any CPU.Build.0 = Debug|Any CPU
		{438E31AF-7B79-4A94-8508-74E92945109D}.Release|Any CPU.ActiveCfg = Release|Any CPU
		{438E31AF-7B79-4A94-8508-74E92945109D}.Release|Any CPU.Build.0 = Release|Any CPU
	EndGlobalSection
	GlobalSection(SolutionProperties) = preSolution
		HideSolutionNode = FALSE
	EndGlobalSection
	GlobalSection(ExtensibilityGlobals) = postSolution
		SolutionGuid = {732C7EEC-909C-40A9-B74D-BF5C88AB3E34}
	EndGlobalSection
EndGlobal
